
Microsoft Visual Studio Solution File, Format Version 12.00
Project("{FAE04EC0-301F-11D3-BF4B-00C04F79EFBC}") = "PokemonAncient", "PokemonAncient.csproj", "{2B9D2327-C5F7-4974-8F1B-E733F7A56E66}"
EndProject
Global
	GlobalSection(SolutionConfigurationPlatforms) = preSolution
		Debug|Any CPU = Debug|Any CPU
		ExportDebug|Any CPU = ExportDebug|Any CPU
		ExportRelease|Any CPU = ExportRelease|Any CPU
	EndGlobalSection
	GlobalSection(ProjectConfigurationPlatforms) = postSolution
		{2B9D2327-C5F7-4974-8F1B-E733F7A56E66}.Debug|Any CPU.ActiveCfg = Debug|Any CPU
		{2B9D2327-C5F7-4974-8F1B-E733F7A56E66}.Debug|Any CPU.Build.0 = Debug|Any CPU
		{2B9D2327-C5F7-4974-8F1B-E733F7A56E66}.ExportDebug|Any CPU.ActiveCfg = ExportDebug|Any CPU
		{2B9D2327-C5F7-4974-8F1B-E733F7A56E66}.ExportDebug|Any CPU.Build.0 = ExportDebug|Any CPU
		{2B9D2327-C5F7-4974-8F1B-E733F7A56E66}.ExportRelease|Any CPU.ActiveCfg = ExportRelease|Any CPU
		{2B9D2327-C5F7-4974-8F1B-E733F7A56E66}.ExportRelease|Any CPU.Build.0 = ExportRelease|Any CPU
	EndGlobalSection
EndGlobal
